
Microsoft Visual Studio Solution File, Format Version 10.00
# Visual Studio 2008
Project("{FAE04EC0-301F-11D3-BF4B-00C04F79EFBC}") = "TowARDefense", "TowARDefense\TowARDefense.csproj", "{059D672F-F27E-484D-991A-EA598B5E5551}"
	ProjectSection(ProjectDependencies) = postProject
		{287934F7-D1DF-4E3E-A05E-505C500113DC} = {287934F7-D1DF-4E3E-A05E-505C500113DC}
	EndProjectSection
EndProject
Project("{FAE04EC0-301F-11D3-BF4B-00C04F79EFBC}") = "TankOnAHeightmapPipeline", "TankOnAHeightmapPipeline\TankOnAHeightmapPipeline.csproj", "{287934F7-D1DF-4E3E-A05E-505C500113DC}"
EndProject
Global
	GlobalSection(SolutionConfigurationPlatforms) = preSolution
		Debug|x86 = Debug|x86
		Debug|Xbox 360 = Debug|Xbox 360
		Debug|Zune = Debug|Zune
		Release|x86 = Release|x86
		Release|Xbox 360 = Release|Xbox 360
		Release|Zune = Release|Zune
	EndGlobalSection
	GlobalSection(ProjectConfigurationPlatforms) = postSolution
		{059D672F-F27E-484D-991A-EA598B5E5551}.Debug|x86.ActiveCfg = Debug|x86
		{059D672F-F27E-484D-991A-EA598B5E5551}.Debug|x86.Build.0 = Debug|x86
		{059D672F-F27E-484D-991A-EA598B5E5551}.Debug|Xbox 360.ActiveCfg = Debug|x86
		{059D672F-F27E-484D-991A-EA598B5E5551}.Debug|Zune.ActiveCfg = Debug|x86
		{059D672F-F27E-484D-991A-EA598B5E5551}.Release|x86.ActiveCfg = Release|x86
		{059D672F-F27E-484D-991A-EA598B5E5551}.Release|x86.Build.0 = Release|x86
		{059D672F-F27E-484D-991A-EA598B5E5551}.Release|Xbox 360.ActiveCfg = Release|x86
		{059D672F-F27E-484D-991A-EA598B5E5551}.Release|Zune.ActiveCfg = Release|x86
		{287934F7-D1DF-4E3E-A05E-505C500113DC}.Debug|x86.ActiveCfg = Debug|x86
		{287934F7-D1DF-4E3E-A05E-505C500113DC}.Debug|x86.Build.0 = Debug|x86
		{287934F7-D1DF-4E3E-A05E-505C500113DC}.Debug|Xbox 360.ActiveCfg = Debug|Xbox 360
		{287934F7-D1DF-4E3E-A05E-505C500113DC}.Debug|Xbox 360.Build.0 = Debug|Xbox 360
		{287934F7-D1DF-4E3E-A05E-505C500113DC}.Debug|Zune.ActiveCfg = Debug|Xbox 360
		{287934F7-D1DF-4E3E-A05E-505C500113DC}.Release|x86.ActiveCfg = Release|x86
		{287934F7-D1DF-4E3E-A05E-505C500113DC}.Release|x86.Build.0 = Release|x86
		{287934F7-D1DF-4E3E-A05E-505C500113DC}.Release|Xbox 360.ActiveCfg = Release|Xbox 360
		{287934F7-D1DF-4E3E-A05E-505C500113DC}.Release|Xbox 360.Build.0 = Release|Xbox 360
		{287934F7-D1DF-4E3E-A05E-505C500113DC}.Release|Zune.ActiveCfg = Release|Xbox 360
		{FE88EDD0-01F0-4634-AD7A-DBCB62D0CBEB}.Debug|x86.ActiveCfg = Debug|x86
		{FE88EDD0-01F0-4634-AD7A-DBCB62D0CBEB}.Debug|Xbox 360.ActiveCfg = Debug|x86
		{FE88EDD0-01F0-4634-AD7A-DBCB62D0CBEB}.Debug|Zune.ActiveCfg = Debug|x86
		{FE88EDD0-01F0-4634-AD7A-DBCB62D0CBEB}.Release|x86.ActiveCfg = Release|x86
		{FE88EDD0-01F0-4634-AD7A-DBCB62D0CBEB}.Release|Xbox 360.ActiveCfg = Release|x86
		{FE88EDD0-01F0-4634-AD7A-DBCB62D0CBEB}.Release|Zune.ActiveCfg = Release|x86
	EndGlobalSection
	GlobalSection(SolutionProperties) = preSolution
		HideSolutionNode = FALSE
	EndGlobalSection
EndGlobal
